
Microsoft Visual Studio Solution File, Format Version 12.00
# Visual Studio Version 16
VisualStudioVersion = 16.0.29424.173
MinimumVisualStudioVersion = 10.0.40219.1
Project("{9A19103F-16F7-4668-BE54-9A1E7A4F7556}") = "RawDataToClientData", "RawDataToClientData.csproj", "{AE0E35F6-181D-416F-95E3-16C37BEAC359}"
EndProject
Global
	GlobalSection(SolutionConfigurationPlatforms) = preSolution
		Debug|Any CPU = Debug|Any CPU
		Release|Any CPU = Release|Any CPU
	EndGlobalSection
	GlobalSection(ProjectConfigurationPlatforms) = postSolution
		{AE0E35F6-181D-416F-95E3-16C37BEAC359}.Debug|Any CPU.ActiveCfg = Debug|Any CPU
		{AE0E35F6-181D-416F-95E3-16C37BEAC359}.Debug|Any CPU.Build.0 = Debug|Any CPU
		{AE0E35F6-181D-416F-95E3-16C37BEAC359}.Release|Any CPU.ActiveCfg = Release|Any CPU
		{AE0E35F6-181D-416F-95E3-16C37BEAC359}.Release|Any CPU.Build.0 = Release|Any CPU
	EndGlobalSection
	GlobalSection(SolutionProperties) = preSolution
		HideSolutionNode = FALSE
	EndGlobalSection
	GlobalSection(ExtensibilityGlobals) = postSolution
		SolutionGuid = {35A3DCCB-BC4B-40E8-A220-8D53DBA4DF53}
	EndGlobalSection
EndGlobal
